
Microsoft Visual Studio Solution File, Format Version 12.00
# Visual Studio 15
VisualStudioVersion = 15.0.28307.329
MinimumVisualStudioVersion = 10.0.40219.1
Project("{888888A0-9F3D-457C-B088-3A5042F75D52}") = "Variables", "Variables\Variables.pyproj", "{8A832DEA-777E-48EB-A137-59396E1106EA}"
EndProject
Project("{888888A0-9F3D-457C-B088-3A5042F75D52}") = "Functions", "Functions\Functions.pyproj", "{C1A5D358-8482-4896-85C1-50AE823FC6AA}"
EndProject
Project("{888888A0-9F3D-457C-B088-3A5042F75D52}") = "IfStatements", "IfStatements\IfStatements.pyproj", "{24C6F660-B847-4506-A112-4628AA8A6B61}"
EndProject
Project("{888888A0-9F3D-457C-B088-3A5042F75D52}") = "Lists", "Lists\Lists.pyproj", "{4C1E6C75-0DB7-4835-B116-1667899E4AFE}"
EndProject
Project("{888888A0-9F3D-457C-B088-3A5042F75D52}") = "BasicLoops", "BasicLoops\BasicLoops.pyproj", "{84E0C146-3CFE-4422-9FF2-9DC2335E289A}"
EndProject
Project("{888888A0-9F3D-457C-B088-3A5042F75D52}") = "AdvancedLoops", "AdvancedLoops\AdvancedLoops.pyproj", "{A09FA6AA-2A55-4453-80B7-A748736B4374}"
EndProject
Project("{888888A0-9F3D-457C-B088-3A5042F75D52}") = "DictionariesAndSets", "DictionariesAndSets\DictionariesAndSets.pyproj", "{496EEBC2-A629-4A47-86BD-B9C4BC702265}"
EndProject
Project("{888888A0-9F3D-457C-B088-3A5042F75D52}") = "InputAndOutput", "InputAndOutput\InputAndOutput.pyproj", "{0271553A-CD9B-42D1-A045-90280200FC0C}"
EndProject
Project("{2150E333-8FDC-42A3-9474-1A3956D46DE8}") = "Projects", "Projects", "{F931495C-729B-46E6-A50F-14597E0FC6E5}"
EndProject
Project("{888888A0-9F3D-457C-B088-3A5042F75D52}") = "Connect4", "Connect4\Connect4.pyproj", "{4A94917B-2110-4876-A771-5AF1EC400782}"
EndProject
Project("{888888A0-9F3D-457C-B088-3A5042F75D52}") = "Classes", "Classes\Classes.pyproj", "{4A346BA5-12A7-4317-B2DA-D816668D5B5A}"
EndProject
Project("{888888A0-9F3D-457C-B088-3A5042F75D52}") = "Import", "Import\Import.pyproj", "{6C14F745-B981-4C1D-8744-595028CC008F}"
EndProject
Global
	GlobalSection(SolutionConfigurationPlatforms) = preSolution
		Debug|Any CPU = Debug|Any CPU
		Release|Any CPU = Release|Any CPU
	EndGlobalSection
	GlobalSection(ProjectConfigurationPlatforms) = postSolution
		{8A832DEA-777E-48EB-A137-59396E1106EA}.Debug|Any CPU.ActiveCfg = Debug|Any CPU
		{8A832DEA-777E-48EB-A137-59396E1106EA}.Release|Any CPU.ActiveCfg = Release|Any CPU
		{C1A5D358-8482-4896-85C1-50AE823FC6AA}.Debug|Any CPU.ActiveCfg = Debug|Any CPU
		{C1A5D358-8482-4896-85C1-50AE823FC6AA}.Release|Any CPU.ActiveCfg = Release|Any CPU
		{24C6F660-B847-4506-A112-4628AA8A6B61}.Debug|Any CPU.ActiveCfg = Debug|Any CPU
		{24C6F660-B847-4506-A112-4628AA8A6B61}.Release|Any CPU.ActiveCfg = Release|Any CPU
		{4C1E6C75-0DB7-4835-B116-1667899E4AFE}.Debug|Any CPU.ActiveCfg = Debug|Any CPU
		{4C1E6C75-0DB7-4835-B116-1667899E4AFE}.Release|Any CPU.ActiveCfg = Release|Any CPU
		{84E0C146-3CFE-4422-9FF2-9DC2335E289A}.Debug|Any CPU.ActiveCfg = Debug|Any CPU
		{84E0C146-3CFE-4422-9FF2-9DC2335E289A}.Release|Any CPU.ActiveCfg = Release|Any CPU
		{A09FA6AA-2A55-4453-80B7-A748736B4374}.Debug|Any CPU.ActiveCfg = Debug|Any CPU
		{A09FA6AA-2A55-4453-80B7-A748736B4374}.Release|Any CPU.ActiveCfg = Release|Any CPU
		{496EEBC2-A629-4A47-86BD-B9C4BC702265}.Debug|Any CPU.ActiveCfg = Debug|Any CPU
		{496EEBC2-A629-4A47-86BD-B9C4BC702265}.Release|Any CPU.ActiveCfg = Release|Any CPU
		{0271553A-CD9B-42D1-A045-90280200FC0C}.Debug|Any CPU.ActiveCfg = Debug|Any CPU
		{0271553A-CD9B-42D1-A045-90280200FC0C}.Release|Any CPU.ActiveCfg = Release|Any CPU
		{4A94917B-2110-4876-A771-5AF1EC400782}.Debug|Any CPU.ActiveCfg = Debug|Any CPU
		{4A94917B-2110-4876-A771-5AF1EC400782}.Release|Any CPU.ActiveCfg = Release|Any CPU
		{4A346BA5-12A7-4317-B2DA-D816668D5B5A}.Debug|Any CPU.ActiveCfg = Debug|Any CPU
		{4A346BA5-12A7-4317-B2DA-D816668D5B5A}.Release|Any CPU.ActiveCfg = Release|Any CPU
		{6C14F745-B981-4C1D-8744-595028CC008F}.Debug|Any CPU.ActiveCfg = Debug|Any CPU
		{6C14F745-B981-4C1D-8744-595028CC008F}.Release|Any CPU.ActiveCfg = Release|Any CPU
	EndGlobalSection
	GlobalSection(SolutionProperties) = preSolution
		HideSolutionNode = FALSE
	EndGlobalSection
	GlobalSection(NestedProjects) = preSolution
		{4A94917B-2110-4876-A771-5AF1EC400782} = {F931495C-729B-46E6-A50F-14597E0FC6E5}
	EndGlobalSection
	GlobalSection(ExtensibilityGlobals) = postSolution
		SolutionGuid = {4DF15815-000D-4AEB-A553-A3EA64DABEAA}
	EndGlobalSection
EndGlobal
