
Microsoft Visual Studio Solution File, Format Version 12.00
# Visual Studio 15
VisualStudioVersion = 15.0.28307.329
MinimumVisualStudioVersion = 10.0.40219.1
Project("{888888A0-9F3D-457C-B088-3A5042F75D52}") = "Variables", "Variables\Variables.pyproj", "{8A832DEA-777E-48EB-A137-59396E1106EA}"
EndProject
Project("{888888A0-9F3D-457C-B088-3A5042F75D52}") = "Functions", "Functions\Functions.pyproj", "{C1A5D358-8482-4896-85C1-50AE823FC6AA}"
EndProject
Global
	GlobalSection(SolutionConfigurationPlatforms) = preSolution
		Debug|Any CPU = Debug|Any CPU
		Release|Any CPU = Release|Any CPU
	EndGlobalSection
	GlobalSection(ProjectConfigurationPlatforms) = postSolution
		{8A832DEA-777E-48EB-A137-59396E1106EA}.Debug|Any CPU.ActiveCfg = Debug|Any CPU
		{8A832DEA-777E-48EB-A137-59396E1106EA}.Release|Any CPU.ActiveCfg = Release|Any CPU
		{C1A5D358-8482-4896-85C1-50AE823FC6AA}.Debug|Any CPU.ActiveCfg = Debug|Any CPU
		{C1A5D358-8482-4896-85C1-50AE823FC6AA}.Release|Any CPU.ActiveCfg = Release|Any CPU
	EndGlobalSection
	GlobalSection(SolutionProperties) = preSolution
		HideSolutionNode = FALSE
	EndGlobalSection
	GlobalSection(ExtensibilityGlobals) = postSolution
		SolutionGuid = {4DF15815-000D-4AEB-A553-A3EA64DABEAA}
	EndGlobalSection
EndGlobal
